
Microsoft Visual Studio Solution File, Format Version 12.00
# Visual Studio 15
VisualStudioVersion = 15.0.27703.2018
MinimumVisualStudioVersion = 10.0.40219.1
Project("{9A19103F-16F7-4668-BE54-9A1E7A4F7556}") = "Seconds", "Seconds\Seconds.csproj", "{1EF863DA-858A-482E-8E18-9BF8F993D022}"
EndProject
Project("{9A19103F-16F7-4668-BE54-9A1E7A4F7556}") = "BonusPoints", "BonusPoints\BonusPoints.csproj", "{1C07E5E2-92D6-472C-8027-B8A931B7ED64}"
EndProject
Project("{9A19103F-16F7-4668-BE54-9A1E7A4F7556}") = "SpeedInfo", "SpeedInfo\SpeedInfo.csproj", "{C4161B98-1949-4C25-AC13-3059E107809E}"
EndProject
Project("{9A19103F-16F7-4668-BE54-9A1E7A4F7556}") = "MetricConverter", "MetricConverter\MetricConverter.csproj", "{ABFF7E61-2264-43B8-942C-5D423564B020}"
EndProject
Project("{FAE04EC0-301F-11D3-BF4B-00C04F79EFBC}") = "Minutes+15", "Minutes+15\Minutes+15.csproj", "{0ABE0AA9-D2E4-4A42-89FD-8323D214CE74}"
EndProject
Project("{FAE04EC0-301F-11D3-BF4B-00C04F79EFBC}") = "ThreeBrothers", "ThreeBrothers\ThreeBrothers.csproj", "{5261EB76-1590-4C80-8D14-78BF410194B4}"
EndProject
Project("{FAE04EC0-301F-11D3-BF4B-00C04F79EFBC}") = "Choreography", "Choreography\Choreography.csproj", "{AA2159B1-57F5-4031-A1AE-C41E8FF1286B}"
EndProject
Project("{FAE04EC0-301F-11D3-BF4B-00C04F79EFBC}") = "WorldSwimmingRecord", "WorldSwimmingRecord\WorldSwimmingRecord.csproj", "{FD297C29-4CEE-494E-88B6-582D78909D17}"
EndProject
Project("{FAE04EC0-301F-11D3-BF4B-00C04F79EFBC}") = "Scholarship", "Scholarship\Scholarship.csproj", "{34ACE2B5-4130-468B-BEB4-74DB53EDEB3B}"
EndProject
Global
	GlobalSection(SolutionConfigurationPlatforms) = preSolution
		Debug|Any CPU = Debug|Any CPU
		Release|Any CPU = Release|Any CPU
	EndGlobalSection
	GlobalSection(ProjectConfigurationPlatforms) = postSolution
		{1EF863DA-858A-482E-8E18-9BF8F993D022}.Debug|Any CPU.ActiveCfg = Debug|Any CPU
		{1EF863DA-858A-482E-8E18-9BF8F993D022}.Debug|Any CPU.Build.0 = Debug|Any CPU
		{1EF863DA-858A-482E-8E18-9BF8F993D022}.Release|Any CPU.ActiveCfg = Release|Any CPU
		{1EF863DA-858A-482E-8E18-9BF8F993D022}.Release|Any CPU.Build.0 = Release|Any CPU
		{1C07E5E2-92D6-472C-8027-B8A931B7ED64}.Debug|Any CPU.ActiveCfg = Debug|Any CPU
		{1C07E5E2-92D6-472C-8027-B8A931B7ED64}.Debug|Any CPU.Build.0 = Debug|Any CPU
		{1C07E5E2-92D6-472C-8027-B8A931B7ED64}.Release|Any CPU.ActiveCfg = Release|Any CPU
		{1C07E5E2-92D6-472C-8027-B8A931B7ED64}.Release|Any CPU.Build.0 = Release|Any CPU
		{C4161B98-1949-4C25-AC13-3059E107809E}.Debug|Any CPU.ActiveCfg = Debug|Any CPU
		{C4161B98-1949-4C25-AC13-3059E107809E}.Debug|Any CPU.Build.0 = Debug|Any CPU
		{C4161B98-1949-4C25-AC13-3059E107809E}.Release|Any CPU.ActiveCfg = Release|Any CPU
		{C4161B98-1949-4C25-AC13-3059E107809E}.Release|Any CPU.Build.0 = Release|Any CPU
		{ABFF7E61-2264-43B8-942C-5D423564B020}.Debug|Any CPU.ActiveCfg = Debug|Any CPU
		{ABFF7E61-2264-43B8-942C-5D423564B020}.Debug|Any CPU.Build.0 = Debug|Any CPU
		{ABFF7E61-2264-43B8-942C-5D423564B020}.Release|Any CPU.ActiveCfg = Release|Any CPU
		{ABFF7E61-2264-43B8-942C-5D423564B020}.Release|Any CPU.Build.0 = Release|Any CPU
		{0ABE0AA9-D2E4-4A42-89FD-8323D214CE74}.Debug|Any CPU.ActiveCfg = Debug|Any CPU
		{0ABE0AA9-D2E4-4A42-89FD-8323D214CE74}.Debug|Any CPU.Build.0 = Debug|Any CPU
		{0ABE0AA9-D2E4-4A42-89FD-8323D214CE74}.Release|Any CPU.ActiveCfg = Release|Any CPU
		{0ABE0AA9-D2E4-4A42-89FD-8323D214CE74}.Release|Any CPU.Build.0 = Release|Any CPU
		{5261EB76-1590-4C80-8D14-78BF410194B4}.Debug|Any CPU.ActiveCfg = Debug|Any CPU
		{5261EB76-1590-4C80-8D14-78BF410194B4}.Debug|Any CPU.Build.0 = Debug|Any CPU
		{5261EB76-1590-4C80-8D14-78BF410194B4}.Release|Any CPU.ActiveCfg = Release|Any CPU
		{5261EB76-1590-4C80-8D14-78BF410194B4}.Release|Any CPU.Build.0 = Release|Any CPU
		{AA2159B1-57F5-4031-A1AE-C41E8FF1286B}.Debug|Any CPU.ActiveCfg = Debug|Any CPU
		{AA2159B1-57F5-4031-A1AE-C41E8FF1286B}.Debug|Any CPU.Build.0 = Debug|Any CPU
		{AA2159B1-57F5-4031-A1AE-C41E8FF1286B}.Release|Any CPU.ActiveCfg = Release|Any CPU
		{AA2159B1-57F5-4031-A1AE-C41E8FF1286B}.Release|Any CPU.Build.0 = Release|Any CPU
		{FD297C29-4CEE-494E-88B6-582D78909D17}.Debug|Any CPU.ActiveCfg = Debug|Any CPU
		{FD297C29-4CEE-494E-88B6-582D78909D17}.Debug|Any CPU.Build.0 = Debug|Any CPU
		{FD297C29-4CEE-494E-88B6-582D78909D17}.Release|Any CPU.ActiveCfg = Release|Any CPU
		{FD297C29-4CEE-494E-88B6-582D78909D17}.Release|Any CPU.Build.0 = Release|Any CPU
		{34ACE2B5-4130-468B-BEB4-74DB53EDEB3B}.Debug|Any CPU.ActiveCfg = Debug|Any CPU
		{34ACE2B5-4130-468B-BEB4-74DB53EDEB3B}.Debug|Any CPU.Build.0 = Debug|Any CPU
		{34ACE2B5-4130-468B-BEB4-74DB53EDEB3B}.Release|Any CPU.ActiveCfg = Release|Any CPU
		{34ACE2B5-4130-468B-BEB4-74DB53EDEB3B}.Release|Any CPU.Build.0 = Release|Any CPU
	EndGlobalSection
	GlobalSection(SolutionProperties) = preSolution
		HideSolutionNode = FALSE
	EndGlobalSection
	GlobalSection(ExtensibilityGlobals) = postSolution
		SolutionGuid = {A7AEA863-8850-488E-9918-19BC5C0AA544}
	EndGlobalSection
EndGlobal
