
Microsoft Visual Studio Solution File, Format Version 12.00
# Visual Studio 15
VisualStudioVersion = 15.0.27703.2018
MinimumVisualStudioVersion = 10.0.40219.1
Project("{FAE04EC0-301F-11D3-BF4B-00C04F79EFBC}") = "PhoneNumberValidation", "PhoneNumberValidation\PhoneNumberValidation.csproj", "{01FCAC0E-16EF-483C-93ED-63F24D6D3265}"
EndProject
Project("{FAE04EC0-301F-11D3-BF4B-00C04F79EFBC}") = "DatesValidation", "DatesValidation\DatesValidation.csproj", "{EB81B79F-6C24-41DF-BAC8-1EAD97979277}"
EndProject
Global
	GlobalSection(SolutionConfigurationPlatforms) = preSolution
		Debug|Any CPU = Debug|Any CPU
		Release|Any CPU = Release|Any CPU
	EndGlobalSection
	GlobalSection(ProjectConfigurationPlatforms) = postSolution
		{01FCAC0E-16EF-483C-93ED-63F24D6D3265}.Debug|Any CPU.ActiveCfg = Debug|Any CPU
		{01FCAC0E-16EF-483C-93ED-63F24D6D3265}.Debug|Any CPU.Build.0 = Debug|Any CPU
		{01FCAC0E-16EF-483C-93ED-63F24D6D3265}.Release|Any CPU.ActiveCfg = Release|Any CPU
		{01FCAC0E-16EF-483C-93ED-63F24D6D3265}.Release|Any CPU.Build.0 = Release|Any CPU
		{EB81B79F-6C24-41DF-BAC8-1EAD97979277}.Debug|Any CPU.ActiveCfg = Debug|Any CPU
		{EB81B79F-6C24-41DF-BAC8-1EAD97979277}.Debug|Any CPU.Build.0 = Debug|Any CPU
		{EB81B79F-6C24-41DF-BAC8-1EAD97979277}.Release|Any CPU.ActiveCfg = Release|Any CPU
		{EB81B79F-6C24-41DF-BAC8-1EAD97979277}.Release|Any CPU.Build.0 = Release|Any CPU
	EndGlobalSection
	GlobalSection(SolutionProperties) = preSolution
		HideSolutionNode = FALSE
	EndGlobalSection
	GlobalSection(ExtensibilityGlobals) = postSolution
		SolutionGuid = {36709596-130F-4819-971D-D2424644CF5D}
	EndGlobalSection
EndGlobal
