
Microsoft Visual Studio Solution File, Format Version 12.00
# Visual Studio 15
VisualStudioVersion = 15.0.27703.2018
MinimumVisualStudioVersion = 10.0.40219.1
Project("{FAE04EC0-301F-11D3-BF4B-00C04F79EFBC}") = "ReverseCountown", "NestedLopps\ReverseCountown.csproj", "{AC8293E0-59DB-46D3-9081-85E52897C2EC}"
EndProject
Global
	GlobalSection(SolutionConfigurationPlatforms) = preSolution
		Debug|Any CPU = Debug|Any CPU
		Release|Any CPU = Release|Any CPU
	EndGlobalSection
	GlobalSection(ProjectConfigurationPlatforms) = postSolution
		{AC8293E0-59DB-46D3-9081-85E52897C2EC}.Debug|Any CPU.ActiveCfg = Debug|Any CPU
		{AC8293E0-59DB-46D3-9081-85E52897C2EC}.Debug|Any CPU.Build.0 = Debug|Any CPU
		{AC8293E0-59DB-46D3-9081-85E52897C2EC}.Release|Any CPU.ActiveCfg = Release|Any CPU
		{AC8293E0-59DB-46D3-9081-85E52897C2EC}.Release|Any CPU.Build.0 = Release|Any CPU
	EndGlobalSection
	GlobalSection(SolutionProperties) = preSolution
		HideSolutionNode = FALSE
	EndGlobalSection
	GlobalSection(ExtensibilityGlobals) = postSolution
		SolutionGuid = {38F7F734-FDB2-4FEA-A2F7-F39AB885281C}
	EndGlobalSection
EndGlobal
