
Microsoft Visual Studio Solution File, Format Version 12.00
# Visual Studio 15
VisualStudioVersion = 15.0.27703.2018
MinimumVisualStudioVersion = 10.0.40219.1
Project("{FAE04EC0-301F-11D3-BF4B-00C04F79EFBC}") = "CountRealNumbers", "CountRealNumbers\CountRealNumbers.csproj", "{BB86FF75-00E1-42B1-A4D3-21C09E832347}"
EndProject
Project("{FAE04EC0-301F-11D3-BF4B-00C04F79EFBC}") = "OddOccurrencies", "OddOccurrencies\OddOccurrencies.csproj", "{05272A46-CCCE-4051-8469-ADDB93079F9F}"
EndProject
Project("{FAE04EC0-301F-11D3-BF4B-00C04F79EFBC}") = "WordSynonyms", "WordSynonyms\WordSynonyms.csproj", "{88A8E849-8D77-4CE2-A52A-07F4E7CA2203}"
EndProject
Project("{FAE04EC0-301F-11D3-BF4B-00C04F79EFBC}") = "LargestThreeNumbers", "LargestThreeNumbers\LargestThreeNumbers.csproj", "{E328EB0B-2FFE-4BF8-BB2A-B7FF273033EE}"
EndProject
Project("{FAE04EC0-301F-11D3-BF4B-00C04F79EFBC}") = "WordFilter", "WordFilter\WordFilter.csproj", "{E556300E-3B47-4565-85A3-32D9DBF62817}"
EndProject
Global
	GlobalSection(SolutionConfigurationPlatforms) = preSolution
		Debug|Any CPU = Debug|Any CPU
		Release|Any CPU = Release|Any CPU
	EndGlobalSection
	GlobalSection(ProjectConfigurationPlatforms) = postSolution
		{BB86FF75-00E1-42B1-A4D3-21C09E832347}.Debug|Any CPU.ActiveCfg = Debug|Any CPU
		{BB86FF75-00E1-42B1-A4D3-21C09E832347}.Debug|Any CPU.Build.0 = Debug|Any CPU
		{BB86FF75-00E1-42B1-A4D3-21C09E832347}.Release|Any CPU.ActiveCfg = Release|Any CPU
		{BB86FF75-00E1-42B1-A4D3-21C09E832347}.Release|Any CPU.Build.0 = Release|Any CPU
		{05272A46-CCCE-4051-8469-ADDB93079F9F}.Debug|Any CPU.ActiveCfg = Debug|Any CPU
		{05272A46-CCCE-4051-8469-ADDB93079F9F}.Debug|Any CPU.Build.0 = Debug|Any CPU
		{05272A46-CCCE-4051-8469-ADDB93079F9F}.Release|Any CPU.ActiveCfg = Release|Any CPU
		{05272A46-CCCE-4051-8469-ADDB93079F9F}.Release|Any CPU.Build.0 = Release|Any CPU
		{88A8E849-8D77-4CE2-A52A-07F4E7CA2203}.Debug|Any CPU.ActiveCfg = Debug|Any CPU
		{88A8E849-8D77-4CE2-A52A-07F4E7CA2203}.Debug|Any CPU.Build.0 = Debug|Any CPU
		{88A8E849-8D77-4CE2-A52A-07F4E7CA2203}.Release|Any CPU.ActiveCfg = Release|Any CPU
		{88A8E849-8D77-4CE2-A52A-07F4E7CA2203}.Release|Any CPU.Build.0 = Release|Any CPU
		{E328EB0B-2FFE-4BF8-BB2A-B7FF273033EE}.Debug|Any CPU.ActiveCfg = Debug|Any CPU
		{E328EB0B-2FFE-4BF8-BB2A-B7FF273033EE}.Debug|Any CPU.Build.0 = Debug|Any CPU
		{E328EB0B-2FFE-4BF8-BB2A-B7FF273033EE}.Release|Any CPU.ActiveCfg = Release|Any CPU
		{E328EB0B-2FFE-4BF8-BB2A-B7FF273033EE}.Release|Any CPU.Build.0 = Release|Any CPU
		{E556300E-3B47-4565-85A3-32D9DBF62817}.Debug|Any CPU.ActiveCfg = Debug|Any CPU
		{E556300E-3B47-4565-85A3-32D9DBF62817}.Debug|Any CPU.Build.0 = Debug|Any CPU
		{E556300E-3B47-4565-85A3-32D9DBF62817}.Release|Any CPU.ActiveCfg = Release|Any CPU
		{E556300E-3B47-4565-85A3-32D9DBF62817}.Release|Any CPU.Build.0 = Release|Any CPU
	EndGlobalSection
	GlobalSection(SolutionProperties) = preSolution
		HideSolutionNode = FALSE
	EndGlobalSection
	GlobalSection(ExtensibilityGlobals) = postSolution
		SolutionGuid = {5BBB11C5-DACD-43B7-BAAD-1274441106E5}
	EndGlobalSection
EndGlobal
